{
  "name": "ip-check",
  "version": "1.0.0",
  "lockfileVersion": 1,
  "requires": true,
  "dependencies": {
    "@babel/runtime": {
      "version": "7.7.2",
      "resolved": "https://registry.npmjs.org/@babel/runtime/-/runtime-7.7.2.tgz",
      "integrity": "sha512-JONRbXbTXc9WQE2mAZd1p0Z3DZ/6vaQIkgYMSTP3KjRCyd7rCZCcfhCyX+YjwcKxcZ82UrxbRD358bpExNgrjw==",
      "requires": {
        "regenerator-runtime": "^0.13.2"
      }
    },
    "compare-lists": {
      "version": "1.0.9",
      "resolved": "https://registry.npmjs.org/compare-lists/-/compare-lists-1.0.9.tgz",
      "integrity": "sha512-pMuXAJVL4I+NKhIInModykqgcNVwR8U7ROXRPDES3ECFqOsCQxyFAQ5VPectORfefuLXOGqrEq+urHRVjvhagA=="
    },
    "regenerator-runtime": {
      "version": "0.13.3",
      "resolved": "https://registry.npmjs.org/regenerator-runtime/-/regenerator-runtime-0.13.3.tgz",
      "integrity": "sha512-naKIZz2GQ8JWh///G7L3X6LaQUAMp2lvb1rvwwsURe/VXwD6VMfr+/1NuNw3ag8v2kY1aQ/go5SNn79O9JU7yw=="
    },
    "yaml": {
      "version": "1.7.2",
      "resolved": "https://registry.npmjs.org/yaml/-/yaml-1.7.2.tgz",
      "integrity": "sha512-qXROVp90sb83XtAoqE8bP9RwAkTTZbugRUTm5YeFCBfNRPEp2YzTeqWiz7m5OORHzEvrA/qcGS8hp/E+MMROYw==",
      "requires": {
        "@babel/runtime": "^7.6.3"
      }
    }
  }
}
